
Microsoft Visual Studio Solution File, Format Version 12.00
# Visual Studio Version 17
VisualStudioVersion = 17.4.33205.214
MinimumVisualStudioVersion = 10.0.40219.1
Project("{FAE04EC0-301F-11D3-BF4B-00C04F79EFBC}") = "la mia pizzeria", "la mia pizzeria\la mia pizzeria.csproj", "{62A429FA-DDF6-4668-B97E-DFF4AE40B31C}"
EndProject
Global
	GlobalSection(SolutionConfigurationPlatforms) = preSolution
		Debug|Any CPU = Debug|Any CPU
		Release|Any CPU = Release|Any CPU
	EndGlobalSection
	GlobalSection(ProjectConfigurationPlatforms) = postSolution
		{62A429FA-DDF6-4668-B97E-DFF4AE40B31C}.Debug|Any CPU.ActiveCfg = Debug|Any CPU
		{62A429FA-DDF6-4668-B97E-DFF4AE40B31C}.Debug|Any CPU.Build.0 = Debug|Any CPU
		{62A429FA-DDF6-4668-B97E-DFF4AE40B31C}.Release|Any CPU.ActiveCfg = Release|Any CPU
		{62A429FA-DDF6-4668-B97E-DFF4AE40B31C}.Release|Any CPU.Build.0 = Release|Any CPU
	EndGlobalSection
	GlobalSection(SolutionProperties) = preSolution
		HideSolutionNode = FALSE
	EndGlobalSection
	GlobalSection(ExtensibilityGlobals) = postSolution
		SolutionGuid = {881BFB00-BC49-42F8-B67F-B1699EAFE55E}
	EndGlobalSection
EndGlobal
